// !$*UTF8*$!
{
	archiveVersion = 1;
	classes = {
	};
	objectVersion = 50;
	objects = {

/* Begin PBXBuildFile section */
		305FB7D726D1E5EF006AFE65 /* AppDelegate.swift in Sources */ = {isa = PBXBuildFile; fileRef = 305FB7D626D1E5EF006AFE65 /* AppDelegate.swift */; };
		305FB7D926D1E5EF006AFE65 /* SceneDelegate.swift in Sources */ = {isa = PBXBuildFile; fileRef = 305FB7D826D1E5EF006AFE65 /* SceneDelegate.swift */; };
		305FB7DB26D1E5EF006AFE65 /* ViewController.swift in Sources */ = {isa = PBXBuildFile; fileRef = 305FB7DA26D1E5EF006AFE65 /* ViewController.swift */; };
		305FB7DE26D1E5EF006AFE65 /* Main.storyboard in Resources */ = {isa = PBXBuildFile; fileRef = 305FB7DC26D1E5EF006AFE65 /* Main.storyboard */; };
		305FB7E026D1E5F2006AFE65 /* Assets.xcassets in Resources */ = {isa = PBXBuildFile; fileRef = 305FB7DF26D1E5F2006AFE65 /* Assets.xcassets */; };
		305FB7E326D1E5F2006AFE65 /* LaunchScreen.storyboard in Resources */ = {isa = PBXBuildFile; fileRef = 305FB7E126D1E5F2006AFE65 /* LaunchScreen.storyboard */; };
		7D44686F25D0091D653CD307 /* Pods_mobileUp.framework in Frameworks */ = {isa = PBXBuildFile; fileRef = A3359E983B1C6B0ACB666D69 /* Pods_mobileUp.framework */; };
/* End PBXBuildFile section */

/* Begin PBXFileReference section */
		305FB7D326D1E5EF006AFE65 /* mobileUp.app */ = {isa = PBXFileReference; explicitFileType = wrapper.application; includeInIndex = 0; path = mobileUp.app; sourceTree = BUILT_PRODUCTS_DIR; };
		305FB7D626D1E5EF006AFE65 /* AppDelegate.swift */ = {isa = PBXFileReference; lastKnownFileType = sourcecode.swift; path = AppDelegate.swift; sourceTree = "<group>"; };
		305FB7D826D1E5EF006AFE65 /* SceneDelegate.swift */ = {isa = PBXFileReference; lastKnownFileType = sourcecode.swift; path = SceneDelegate.swift; sourceTree = "<group>"; };
		305FB7DA26D1E5EF006AFE65 /* ViewController.swift */ = {isa = PBXFileReference; lastKnownFileType = sourcecode.swift; path = ViewController.swift; sourceTree = "<group>"; };
		305FB7DD26D1E5EF006AFE65 /* Base */ = {isa = PBXFileReference; lastKnownFileType = file.storyboard; name = Base; path = Base.lproj/Main.storyboard; sourceTree = "<group>"; };
		305FB7DF26D1E5F2006AFE65 /* Assets.xcassets */ = {isa = PBXFileReference; lastKnownFileType = folder.assetcatalog; path = Assets.xcassets; sourceTree = "<group>"; };
		305FB7E226D1E5F2006AFE65 /* Base */ = {isa = PBXFileReference; lastKnownFileType = file.storyboard; name = Base; path = Base.lproj/LaunchScreen.storyboard; sourceTree = "<group>"; };
		305FB7E426D1E5F2006AFE65 /* Info.plist */ = {isa = PBXFileReference; lastKnownFileType = text.plist.xml; path = Info.plist; sourceTree = "<group>"; };
		A3359E983B1C6B0ACB666D69 /* Pods_mobileUp.framework */ = {isa = PBXFileReference; explicitFileType = wrapper.framework; includeInIndex = 0; path = Pods_mobileUp.framework; sourceTree = BUILT_PRODUCTS_DIR; };
		A471CAF50A66301DA3448A02 /* Pods-mobileUp.release.xcconfig */ = {isa = PBXFileReference; includeInIndex = 1; lastKnownFileType = text.xcconfig; name = "Pods-mobileUp.release.xcconfig"; path = "Target Support Files/Pods-mobileUp/Pods-mobileUp.release.xcconfig"; sourceTree = "<group>"; };
		D7DF0C16AC4E0CCF2F995C86 /* Pods-mobileUp.debug.xcconfig */ = {isa = PBXFileReference; includeInIndex = 1; lastKnownFileType = text.xcconfig; name = "Pods-mobileUp.debug.xcconfig"; path = "Target Support Files/Pods-mobileUp/Pods-mobileUp.debug.xcconfig"; sourceTree = "<group>"; };
/* End PBXFileReference section */

/* Begin PBXFrameworksBuildPhase section */
		305FB7D026D1E5EF006AFE65 /* Frameworks */ = {
			isa = PBXFrameworksBuildPhase;
			buildActionMask = 2147483647;
			files = (
				7D44686F25D0091D653CD307 /* Pods_mobileUp.framework in Frameworks */,
			);
			runOnlyForDeploymentPostprocessing = 0;
		};
/* End PBXFrameworksBuildPhase section */

/* Begin PBXGroup section */
		1752D088F233B9371F93E19B /* Frameworks */ = {
			isa = PBXGroup;
			children = (
				A3359E983B1C6B0ACB666D69 /* Pods_mobileUp.framework */,
			);
			name = Frameworks;
			sourceTree = "<group>";
		};
		305FB7CA26D1E5EF006AFE65 = {
			isa = PBXGroup;
			children = (
				305FB7D526D1E5EF006AFE65 /* mobileUp */,
				305FB7D426D1E5EF006AFE65 /* Products */,
				3419532379352ABDC8B174C4 /* Pods */,
				1752D088F233B9371F93E19B /* Frameworks */,
			);
			sourceTree = "<group>";
		};
		305FB7D426D1E5EF006AFE65 /* Products */ = {
			isa = PBXGroup;
			children = (
				305FB7D326D1E5EF006AFE65 /* mobileUp.app */,
			);
			name = Products;
			sourceTree = "<group>";
		};
		305FB7D526D1E5EF006AFE65 /* mobileUp */ = {
			isa = PBXGroup;
			children = (
				305FB7D626D1E5EF006AFE65 /* AppDelegate.swift */,
				305FB7D826D1E5EF006AFE65 /* SceneDelegate.swift */,
				305FB7DA26D1E5EF006AFE65 /* ViewController.swift */,
				305FB7DC26D1E5EF006AFE65 /* Main.storyboard */,
				305FB7DF26D1E5F2006AFE65 /* Assets.xcassets */,
				305FB7E126D1E5F2006AFE65 /* LaunchScreen.storyboard */,
				305FB7E426D1E5F2006AFE65 /* Info.plist */,
			);
			path = mobileUp;
			sourceTree = "<group>";
		};
		3419532379352ABDC8B174C4 /* Pods */ = {
			isa = PBXGroup;
			children = (
				D7DF0C16AC4E0CCF2F995C86 /* Pods-mobileUp.debug.xcconfig */,
				A471CAF50A66301DA3448A02 /* Pods-mobileUp.release.xcconfig */,
			);
			name = Pods;
			path = Pods;
			sourceTree = "<group>";
		};
/* End PBXGroup section */

/* Begin PBXNativeTarget section */
		305FB7D226D1E5EF006AFE65 /* mobileUp */ = {
			isa = PBXNativeTarget;
			buildConfigurationList = 305FB7E726D1E5F2006AFE65 /* Build configuration list for PBXNativeTarget "mobileUp" */;
			buildPhases = (
				175FA3838739BDCA04FD392F /* [CP] Check Pods Manifest.lock */,
				305FB7CF26D1E5EF006AFE65 /* Sources */,
				305FB7D026D1E5EF006AFE65 /* Frameworks */,
				305FB7D126D1E5EF006AFE65 /* Resources */,
				E228744BE42DD9B118BF46E4 /* [CP] Embed Pods Frameworks */,
			);
			buildRules = (
			);
			dependencies = (
			);
			name = mobileUp;
			productName = mobileUp;
			productReference = 305FB7D326D1E5EF006AFE65 /* mobileUp.app */;
			productType = "com.apple.product-type.application";
		};
/* End PBXNativeTarget section */

/* Begin PBXProject section */
		305FB7CB26D1E5EF006AFE65 /* Project object */ = {
			isa = PBXProject;
			attributes = {
				LastSwiftUpdateCheck = 1250;
				LastUpgradeCheck = 1250;
				TargetAttributes = {
					305FB7D226D1E5EF006AFE65 = {
						CreatedOnToolsVersion = 12.5.1;
					};
				};
			};
			buildConfigurationList = 305FB7CE26D1E5EF006AFE65 /* Build configuration list for PBXProject "mobileUp" */;
			compatibilityVersion = "Xcode 9.3";
			developmentRegion = en;
			hasScannedForEncodings = 0;
			knownRegions = (
				en,
				Base,
			);
			mainGroup = 305FB7CA26D1E5EF006AFE65;
			productRefGroup = 305FB7D426D1E5EF006AFE65 /* Products */;
			projectDirPath = "";
			projectRoot = "";
			targets = (
				305FB7D226D1E5EF006AFE65 /* mobileUp */,
			);
		};
/* End PBXProject section */

/* Begin PBXResourcesBuildPhase section */
		305FB7D126D1E5EF006AFE65 /* Resources */ = {
			isa = PBXResourcesBuildPhase;
			buildActionMask = 2147483647;
			files = (
				305FB7E326D1E5F2006AFE65 /* LaunchScreen.storyboard in Resources */,
				305FB7E026D1E5F2006AFE65 /* Assets.xcassets in Resources */,
				305FB7DE26D1E5EF006AFE65 /* Main.storyboard in Resources */,
			);
			runOnlyForDeploymentPostprocessing = 0;
		};
/* End PBXResourcesBuildPhase section */

/* Begin PBXShellScriptBuildPhase section */
		175FA3838739BDCA04FD392F /* [CP] Check Pods Manifest.lock */ = {
			isa = PBXShellScriptBuildPhase;
			buildActionMask = 2147483647;
			files = (
			);
			inputFileListPaths = (
			);
			inputPaths = (
				"${PODS_PODFILE_DIR_PATH}/Podfile.lock",
				"${PODS_ROOT}/Manifest.lock",
			);
			name = "[CP] Check Pods Manifest.lock";
			outputFileListPaths = (
			);
			outputPaths = (
				"$(DERIVED_FILE_DIR)/Pods-mobileUp-checkManifestLockResult.txt",
			);
			runOnlyForDeploymentPostprocessing = 0;
			shellPath = /bin/sh;
			shellScript = "diff \"${PODS_PODFILE_DIR_PATH}/Podfile.lock\" \"${PODS_ROOT}/Manifest.lock\" > /dev/null\nif [ $? != 0 ] ; then\n    # print error to STDERR\n    echo \"error: The sandbox is not in sync with the Podfile.lock. Run 'pod install' or update your CocoaPods installation.\" >&2\n    exit 1\nfi\n# This output is used by Xcode 'outputs' to avoid re-running this script phase.\necho \"SUCCESS\" > \"${SCRIPT_OUTPUT_FILE_0}\"\n";
			showEnvVarsInLog = 0;
		};
		E228744BE42DD9B118BF46E4 /* [CP] Embed Pods Frameworks */ = {
			isa = PBXShellScriptBuildPhase;
			buildActionMask = 2147483647;
			files = (
			);
			inputFileListPaths = (
				"${PODS_ROOT}/Target Support Files/Pods-mobileUp/Pods-mobileUp-frameworks-${CONFIGURATION}-input-files.xcfilelist",
			);
			name = "[CP] Embed Pods Frameworks";
			outputFileListPaths = (
				"${PODS_ROOT}/Target Support Files/Pods-mobileUp/Pods-mobileUp-frameworks-${CONFIGURATION}-output-files.xcfilelist",
			);
			runOnlyForDeploymentPostprocessing = 0;
			shellPath = /bin/sh;
			shellScript = "\"${PODS_ROOT}/Target Support Files/Pods-mobileUp/Pods-mobileUp-frameworks.sh\"\n";
			showEnvVarsInLog = 0;
		};
/* End PBXShellScriptBuildPhase section */

/* Begin PBXSourcesBuildPhase section */
		305FB7CF26D1E5EF006AFE65 /* Sources */ = {
			isa = PBXSourcesBuildPhase;
			buildActionMask = 2147483647;
			files = (
				305FB7DB26D1E5EF006AFE65 /* ViewController.swift in Sources */,
				305FB7D726D1E5EF006AFE65 /* AppDelegate.swift in Sources */,
				305FB7D926D1E5EF006AFE65 /* SceneDelegate.swift in Sources */,
			);
			runOnlyForDeploymentPostprocessing = 0;
		};
/* End PBXSourcesBuildPhase section */

/* Begin PBXVariantGroup section */
		305FB7DC26D1E5EF006AFE65 /* Main.storyboard */ = {
			isa = PBXVariantGroup;
			children = (
				305FB7DD26D1E5EF006AFE65 /* Base */,
			);
			name = Main.storyboard;
			sourceTree = "<group>";
		};
		305FB7E126D1E5F2006AFE65 /* LaunchScreen.storyboard */ = {
			isa = PBXVariantGroup;
			children = (
				305FB7E226D1E5F2006AFE65 /* Base */,
			);
			name = LaunchScreen.storyboard;
			sourceTree = "<group>";
		};
/* End PBXVariantGroup section */

/* Begin XCBuildConfiguration section */
		305FB7E526D1E5F2006AFE65 /* Debug */ = {
			isa = XCBuildConfiguration;
			buildSettings = {
				ALWAYS_SEARCH_USER_PATHS = NO;
				CLANG_ANALYZER_NONNULL = YES;
				CLANG_ANALYZER_NUMBER_OBJECT_CONVERSION = YES_AGGRESSIVE;
				CLANG_CXX_LANGUAGE_STANDARD = "gnu++14";
				CLANG_CXX_LIBRARY = "libc++";
				CLANG_ENABLE_MODULES = YES;
				CLANG_ENABLE_OBJC_ARC = YES;
				CLANG_ENABLE_OBJC_WEAK = YES;
				CLANG_WARN_BLOCK_CAPTURE_AUTORELEASING = YES;
				CLANG_WARN_BOOL_CONVERSION = YES;
				CLANG_WARN_COMMA = YES;
				CLANG_WARN_CONSTANT_CONVERSION = YES;
				CLANG_WARN_DEPRECATED_OBJC_IMPLEMENTATIONS = YES;
				CLANG_WARN_DIRECT_OBJC_ISA_USAGE = YES_ERROR;
				CLANG_WARN_DOCUMENTATION_COMMENTS = YES;
				CLANG_WARN_EMPTY_BODY = YES;
				CLANG_WARN_ENUM_CONVERSION = YES;
				CLANG_WARN_INFINITE_RECURSION = YES;
				CLANG_WARN_INT_CONVERSION = YES;
				CLANG_WARN_NON_LITERAL_NULL_CONVERSION = YES;
				CLANG_WARN_OBJC_IMPLICIT_RETAIN_SELF = YES;
				CLANG_WARN_OBJC_LITERAL_CONVERSION = YES;
				CLANG_WARN_OBJC_ROOT_CLASS = YES_ERROR;
				CLANG_WARN_QUOTED_INCLUDE_IN_FRAMEWORK_HEADER = YES;
				CLANG_WARN_RANGE_LOOP_ANALYSIS = YES;
				CLANG_WARN_STRICT_PROTOTYPES = YES;
				CLANG_WARN_SUSPICIOUS_MOVE = YES;
				CLANG_WARN_UNGUARDED_AVAILABILITY = YES_AGGRESSIVE;
				CLANG_WARN_UNREACHABLE_CODE = YES;
				CLANG_WARN__DUPLICATE_METHOD_MATCH = YES;
				COPY_PHASE_STRIP = NO;
				DEBUG_INFORMATION_FORMAT = dwarf;
				ENABLE_STRICT_OBJC_MSGSEND = YES;
				ENABLE_TESTABILITY = YES;
				GCC_C_LANGUAGE_STANDARD = gnu11;
				GCC_DYNAMIC_NO_PIC = NO;
				GCC_NO_COMMON_BLOCKS = YES;
				GCC_OPTIMIZATION_LEVEL = 0;
				GCC_PREPROCESSOR_DEFINITIONS = (
					"DEBUG=1",
					"$(inherited)",
				);
				GCC_WARN_64_TO_32_BIT_CONVERSION = YES;
				GCC_WARN_ABOUT_RETURN_TYPE = YES_ERROR;
				GCC_WARN_UNDECLARED_SELECTOR = YES;
				GCC_WARN_UNINITIALIZED_AUTOS = YES_AGGRESSIVE;
				GCC_WARN_UNUSED_FUNCTION = YES;
				GCC_WARN_UNUSED_VARIABLE = YES;
				IPHONEOS_DEPLOYMENT_TARGET = 14.5;
				MTL_ENABLE_DEBUG_INFO = INCLUDE_SOURCE;
				MTL_FAST_MATH = YES;
				ONLY_ACTIVE_ARCH = YES;
				SDKROOT = iphoneos;
				SWIFT_ACTIVE_COMPILATION_CONDITIONS = DEBUG;
				SWIFT_OPTIMIZATION_LEVEL = "-Onone";
			};
			name = Debug;
		};
		305FB7E626D1E5F2006AFE65 /* Release */ = {
			isa = XCBuildConfiguration;
			buildSettings = {
				ALWAYS_SEARCH_USER_PATHS = NO;
				CLANG_ANALYZER_NONNULL = YES;
				CLANG_ANALYZER_NUMBER_OBJECT_CONVERSION = YES_AGGRESSIVE;
				CLANG_CXX_LANGUAGE_STANDARD = "gnu++14";
				CLANG_CXX_LIBRARY = "libc++";
				CLANG_ENABLE_MODULES = YES;
				CLANG_ENABLE_OBJC_ARC = YES;
				CLANG_ENABLE_OBJC_WEAK = YES;
				CLANG_WARN_BLOCK_CAPTURE_AUTORELEASING = YES;
				CLANG_WARN_BOOL_CONVERSION = YES;
				CLANG_WARN_COMMA = YES;
				CLANG_WARN_CONSTANT_CONVERSION = YES;
				CLANG_WARN_DEPRECATED_OBJC_IMPLEMENTATIONS = YES;
				CLANG_WARN_DIRECT_OBJC_ISA_USAGE = YES_ERROR;
				CLANG_WARN_DOCUMENTATION_COMMENTS = YES;
				CLANG_WARN_EMPTY_BODY = YES;
				CLANG_WARN_ENUM_CONVERSION = YES;
				CLANG_WARN_INFINITE_RECURSION = YES;
				CLANG_WARN_INT_CONVERSION = YES;
				CLANG_WARN_NON_LITERAL_NULL_CONVERSION = YES;
				CLANG_WARN_OBJC_IMPLICIT_RETAIN_SELF = YES;
				CLANG_WARN_OBJC_LITERAL_CONVERSION = YES;
				CLANG_WARN_OBJC_ROOT_CLASS = YES_ERROR;
				CLANG_WARN_QUOTED_INCLUDE_IN_FRAMEWORK_HEADER = YES;
				CLANG_WARN_RANGE_LOOP_ANALYSIS = YES;
				CLANG_WARN_STRICT_PROTOTYPES = YES;
				CLANG_WARN_SUSPICIOUS_MOVE = YES;
				CLANG_WARN_UNGUARDED_AVAILABILITY = YES_AGGRESSIVE;
				CLANG_WARN_UNREACHABLE_CODE = YES;
				CLANG_WARN__DUPLICATE_METHOD_MATCH = YES;
				COPY_PHASE_STRIP = NO;
				DEBUG_INFORMATION_FORMAT = "dwarf-with-dsym";
				ENABLE_NS_ASSERTIONS = NO;
				ENABLE_STRICT_OBJC_MSGSEND = YES;
				GCC_C_LANGUAGE_STANDARD = gnu11;
				GCC_NO_COMMON_BLOCKS = YES;
				GCC_WARN_64_TO_32_BIT_CONVERSION = YES;
				GCC_WARN_ABOUT_RETURN_TYPE = YES_ERROR;
				GCC_WARN_UNDECLARED_SELECTOR = YES;
				GCC_WARN_UNINITIALIZED_AUTOS = YES_AGGRESSIVE;
				GCC_WARN_UNUSED_FUNCTION = YES;
				GCC_WARN_UNUSED_VARIABLE = YES;
				IPHONEOS_DEPLOYMENT_TARGET = 14.5;
				MTL_ENABLE_DEBUG_INFO = NO;
				MTL_FAST_MATH = YES;
				SDKROOT = iphoneos;
				SWIFT_COMPILATION_MODE = wholemodule;
				SWIFT_OPTIMIZATION_LEVEL = "-O";
				VALIDATE_PRODUCT = YES;
			};
			name = Release;
		};
		305FB7E826D1E5F2006AFE65 /* Debug */ = {
			isa = XCBuildConfiguration;
			baseConfigurationReference = D7DF0C16AC4E0CCF2F995C86 /* Pods-mobileUp.debug.xcconfig */;
			buildSettings = {
				ASSETCATALOG_COMPILER_APPICON_NAME = AppIcon;
				ASSETCATALOG_COMPILER_GLOBAL_ACCENT_COLOR_NAME = AccentColor;
				CODE_SIGN_STYLE = Automatic;
				DEVELOPMENT_TEAM = V5C27RD34S;
				INFOPLIST_FILE = mobileUp/Info.plist;
				LD_RUNPATH_SEARCH_PATHS = (
					"$(inherited)",
					"@executable_path/Frameworks",
				);
				PRODUCT_BUNDLE_IDENTIFIER = "elro-root.mobileUp";
				PRODUCT_NAME = "$(TARGET_NAME)";
				SWIFT_VERSION = 5.0;
				TARGETED_DEVICE_FAMILY = "1,2";
			};
			name = Debug;
		};
		305FB7E926D1E5F2006AFE65 /* Release */ = {
			isa = XCBuildConfiguration;
			baseConfigurationReference = A471CAF50A66301DA3448A02 /* Pods-mobileUp.release.xcconfig */;
			buildSettings = {
				ASSETCATALOG_COMPILER_APPICON_NAME = AppIcon;
				ASSETCATALOG_COMPILER_GLOBAL_ACCENT_COLOR_NAME = AccentColor;
				CODE_SIGN_STYLE = Automatic;
				DEVELOPMENT_TEAM = V5C27RD34S;
				INFOPLIST_FILE = mobileUp/Info.plist;
				LD_RUNPATH_SEARCH_PATHS = (
					"$(inherited)",
					"@executable_path/Frameworks",
				);
				PRODUCT_BUNDLE_IDENTIFIER = "elro-root.mobileUp";
				PRODUCT_NAME = "$(TARGET_NAME)";
				SWIFT_VERSION = 5.0;
				TARGETED_DEVICE_FAMILY = "1,2";
			};
			name = Release;
		};
/* End XCBuildConfiguration section */

/* Begin XCConfigurationList section */
		305FB7CE26D1E5EF006AFE65 /* Build configuration list for PBXProject "mobileUp" */ = {
			isa = XCConfigurationList;
			buildConfigurations = (
				305FB7E526D1E5F2006AFE65 /* Debug */,
				305FB7E626D1E5F2006AFE65 /* Release */,
			);
			defaultConfigurationIsVisible = 0;
			defaultConfigurationName = Release;
		};
		305FB7E726D1E5F2006AFE65 /* Build configuration list for PBXNativeTarget "mobileUp" */ = {
			isa = XCConfigurationList;
			buildConfigurations = (
				305FB7E826D1E5F2006AFE65 /* Debug */,
				305FB7E926D1E5F2006AFE65 /* Release */,
			);
			defaultConfigurationIsVisible = 0;
			defaultConfigurationName = Release;
		};
/* End XCConfigurationList section */
	};
	rootObject = 305FB7CB26D1E5EF006AFE65 /* Project object */;
}
