// !$*UTF8*$!
{
	archiveVersion = 1;
	classes = {
	};
	objectVersion = 51;
	objects = {

/* Begin PBXBuildFile section */
		3018FA7726D4191F0040ECE9 /* DetailView.swift in Sources */ = {isa = PBXBuildFile; fileRef = 3018FA7626D4191F0040ECE9 /* DetailView.swift */; };
		3018FA7B26D52AB60040ECE9 /* NavigationBar.xib in Resources */ = {isa = PBXBuildFile; fileRef = 3018FA7A26D52AB60040ECE9 /* NavigationBar.xib */; };
		3018FA7E26D54D050040ECE9 /* MainView.swift in Sources */ = {isa = PBXBuildFile; fileRef = 3018FA7D26D54D050040ECE9 /* MainView.swift */; };
		3018FA8026D55F4C0040ECE9 /* NavigationBar.swift in Sources */ = {isa = PBXBuildFile; fileRef = 3018FA7F26D55F4C0040ECE9 /* NavigationBar.swift */; };
		305FB7D726D1E5EF006AFE65 /* AppDelegate.swift in Sources */ = {isa = PBXBuildFile; fileRef = 305FB7D626D1E5EF006AFE65 /* AppDelegate.swift */; };
		305FB7D926D1E5EF006AFE65 /* SceneDelegate.swift in Sources */ = {isa = PBXBuildFile; fileRef = 305FB7D826D1E5EF006AFE65 /* SceneDelegate.swift */; };
		305FB7DB26D1E5EF006AFE65 /* LoginViewController.swift in Sources */ = {isa = PBXBuildFile; fileRef = 305FB7DA26D1E5EF006AFE65 /* LoginViewController.swift */; };
		305FB7DE26D1E5EF006AFE65 /* Main.storyboard in Resources */ = {isa = PBXBuildFile; fileRef = 305FB7DC26D1E5EF006AFE65 /* Main.storyboard */; };
		305FB7E026D1E5F2006AFE65 /* Assets.xcassets in Resources */ = {isa = PBXBuildFile; fileRef = 305FB7DF26D1E5F2006AFE65 /* Assets.xcassets */; };
		305FB7E326D1E5F2006AFE65 /* LaunchScreen.storyboard in Resources */ = {isa = PBXBuildFile; fileRef = 305FB7E126D1E5F2006AFE65 /* LaunchScreen.storyboard */; };
		3082F94326D1E85C00F37ABD /* VKDelegate.swift in Sources */ = {isa = PBXBuildFile; fileRef = 3082F94226D1E85C00F37ABD /* VKDelegate.swift */; };
		3082F94526D1E9F700F37ABD /* MainViewController.swift in Sources */ = {isa = PBXBuildFile; fileRef = 3082F94426D1E9F700F37ABD /* MainViewController.swift */; };
		3082F94726D1EA6D00F37ABD /* DetailViewController.swift in Sources */ = {isa = PBXBuildFile; fileRef = 3082F94626D1EA6D00F37ABD /* DetailViewController.swift */; };
		3082F94926D1EE8C00F37ABD /* User.swift in Sources */ = {isa = PBXBuildFile; fileRef = 3082F94826D1EE8C00F37ABD /* User.swift */; };
		3082F94B26D1F0F900F37ABD /* LoginView.swift in Sources */ = {isa = PBXBuildFile; fileRef = 3082F94A26D1F0F900F37ABD /* LoginView.swift */; };
		30AE537A26D23E650075C1EA /* CollectionViewCell.swift in Sources */ = {isa = PBXBuildFile; fileRef = 30AE537926D23E650075C1EA /* CollectionViewCell.swift */; };
		30AE537E26D38F170075C1EA /* Photo.swift in Sources */ = {isa = PBXBuildFile; fileRef = 30AE537D26D38F170075C1EA /* Photo.swift */; };
		30AE538426D38FFD0075C1EA /* Network.swift in Sources */ = {isa = PBXBuildFile; fileRef = 30AE538326D38FFD0075C1EA /* Network.swift */; };
		4B4414C69A08E8EE5267C76F /* Pods_mobileUp.framework in Frameworks */ = {isa = PBXBuildFile; fileRef = 3A2B397817C663E98BD15729 /* Pods_mobileUp.framework */; };
/* End PBXBuildFile section */

/* Begin PBXFileReference section */
		3018FA7626D4191F0040ECE9 /* DetailView.swift */ = {isa = PBXFileReference; lastKnownFileType = sourcecode.swift; path = DetailView.swift; sourceTree = "<group>"; };
		3018FA7A26D52AB60040ECE9 /* NavigationBar.xib */ = {isa = PBXFileReference; lastKnownFileType = file.xib; path = NavigationBar.xib; sourceTree = "<group>"; };
		3018FA7D26D54D050040ECE9 /* MainView.swift */ = {isa = PBXFileReference; lastKnownFileType = sourcecode.swift; path = MainView.swift; sourceTree = "<group>"; };
		3018FA7F26D55F4C0040ECE9 /* NavigationBar.swift */ = {isa = PBXFileReference; lastKnownFileType = sourcecode.swift; path = NavigationBar.swift; sourceTree = "<group>"; };
		3022681526D652C000EDFE9B /* README.md */ = {isa = PBXFileReference; lastKnownFileType = net.daringfireball.markdown; path = README.md; sourceTree = "<group>"; };
		305FB7D326D1E5EF006AFE65 /* mobileUp.app */ = {isa = PBXFileReference; explicitFileType = wrapper.application; includeInIndex = 0; path = mobileUp.app; sourceTree = BUILT_PRODUCTS_DIR; };
		305FB7D626D1E5EF006AFE65 /* AppDelegate.swift */ = {isa = PBXFileReference; lastKnownFileType = sourcecode.swift; path = AppDelegate.swift; sourceTree = "<group>"; };
		305FB7D826D1E5EF006AFE65 /* SceneDelegate.swift */ = {isa = PBXFileReference; lastKnownFileType = sourcecode.swift; path = SceneDelegate.swift; sourceTree = "<group>"; };
		305FB7DA26D1E5EF006AFE65 /* LoginViewController.swift */ = {isa = PBXFileReference; lastKnownFileType = sourcecode.swift; path = LoginViewController.swift; sourceTree = "<group>"; };
		305FB7DD26D1E5EF006AFE65 /* Base */ = {isa = PBXFileReference; lastKnownFileType = file.storyboard; name = Base; path = Base.lproj/Main.storyboard; sourceTree = "<group>"; };
		305FB7DF26D1E5F2006AFE65 /* Assets.xcassets */ = {isa = PBXFileReference; lastKnownFileType = folder.assetcatalog; path = Assets.xcassets; sourceTree = "<group>"; };
		305FB7E226D1E5F2006AFE65 /* Base */ = {isa = PBXFileReference; lastKnownFileType = file.storyboard; name = Base; path = Base.lproj/LaunchScreen.storyboard; sourceTree = "<group>"; };
		305FB7E426D1E5F2006AFE65 /* Info.plist */ = {isa = PBXFileReference; lastKnownFileType = text.plist.xml; path = Info.plist; sourceTree = "<group>"; };
		3082F94226D1E85C00F37ABD /* VKDelegate.swift */ = {isa = PBXFileReference; fileEncoding = 4; lastKnownFileType = sourcecode.swift; path = VKDelegate.swift; sourceTree = "<group>"; };
		3082F94426D1E9F700F37ABD /* MainViewController.swift */ = {isa = PBXFileReference; lastKnownFileType = sourcecode.swift; path = MainViewController.swift; sourceTree = "<group>"; };
		3082F94626D1EA6D00F37ABD /* DetailViewController.swift */ = {isa = PBXFileReference; lastKnownFileType = sourcecode.swift; path = DetailViewController.swift; sourceTree = "<group>"; };
		3082F94826D1EE8C00F37ABD /* User.swift */ = {isa = PBXFileReference; lastKnownFileType = sourcecode.swift; path = User.swift; sourceTree = "<group>"; };
		3082F94A26D1F0F900F37ABD /* LoginView.swift */ = {isa = PBXFileReference; lastKnownFileType = sourcecode.swift; path = LoginView.swift; sourceTree = "<group>"; };
		30AE537926D23E650075C1EA /* CollectionViewCell.swift */ = {isa = PBXFileReference; lastKnownFileType = sourcecode.swift; path = CollectionViewCell.swift; sourceTree = "<group>"; };
		30AE537D26D38F170075C1EA /* Photo.swift */ = {isa = PBXFileReference; lastKnownFileType = sourcecode.swift; path = Photo.swift; sourceTree = "<group>"; };
		30AE538326D38FFD0075C1EA /* Network.swift */ = {isa = PBXFileReference; lastKnownFileType = sourcecode.swift; path = Network.swift; sourceTree = "<group>"; };
		3A2B397817C663E98BD15729 /* Pods_mobileUp.framework */ = {isa = PBXFileReference; explicitFileType = wrapper.framework; includeInIndex = 0; path = Pods_mobileUp.framework; sourceTree = BUILT_PRODUCTS_DIR; };
		85F5F19D15A105E14509B3DF /* Pods-mobileUp.debug.xcconfig */ = {isa = PBXFileReference; includeInIndex = 1; lastKnownFileType = text.xcconfig; name = "Pods-mobileUp.debug.xcconfig"; path = "Target Support Files/Pods-mobileUp/Pods-mobileUp.debug.xcconfig"; sourceTree = "<group>"; };
		A6AFF31903C71E6CF3D0606F /* Pods-mobileUp.release.xcconfig */ = {isa = PBXFileReference; includeInIndex = 1; lastKnownFileType = text.xcconfig; name = "Pods-mobileUp.release.xcconfig"; path = "Target Support Files/Pods-mobileUp/Pods-mobileUp.release.xcconfig"; sourceTree = "<group>"; };
/* End PBXFileReference section */

/* Begin PBXFrameworksBuildPhase section */
		305FB7D026D1E5EF006AFE65 /* Frameworks */ = {
			isa = PBXFrameworksBuildPhase;
			buildActionMask = 2147483647;
			files = (
				4B4414C69A08E8EE5267C76F /* Pods_mobileUp.framework in Frameworks */,
			);
			runOnlyForDeploymentPostprocessing = 0;
		};
/* End PBXFrameworksBuildPhase section */

/* Begin PBXGroup section */
		3018FA7C26D54C870040ECE9 /* Navigation Bar */ = {
			isa = PBXGroup;
			children = (
				3018FA7A26D52AB60040ECE9 /* NavigationBar.xib */,
				3018FA7F26D55F4C0040ECE9 /* NavigationBar.swift */,
			);
			path = "Navigation Bar";
			sourceTree = "<group>";
		};
		305FB7CA26D1E5EF006AFE65 = {
			isa = PBXGroup;
			children = (
				3022681526D652C000EDFE9B /* README.md */,
				305FB7D526D1E5EF006AFE65 /* mobileUp */,
				305FB7D426D1E5EF006AFE65 /* Products */,
				8C08FB52053F95E55B480615 /* Pods */,
				62B3F06339EB8A693A0A90ED /* Frameworks */,
			);
			sourceTree = "<group>";
		};
		305FB7D426D1E5EF006AFE65 /* Products */ = {
			isa = PBXGroup;
			children = (
				305FB7D326D1E5EF006AFE65 /* mobileUp.app */,
			);
			name = Products;
			sourceTree = "<group>";
		};
		305FB7D526D1E5EF006AFE65 /* mobileUp */ = {
			isa = PBXGroup;
			children = (
				30AE538226D38FEF0075C1EA /* Network Service */,
				3082F94126D1E81A00F37ABD /* App */,
				3082F93F26D1E80E00F37ABD /* Controller */,
				3082F93E26D1E80A00F37ABD /* Model */,
				3082F94026D1E81300F37ABD /* Supporting Files */,
				3082F93D26D1E80600F37ABD /* View */,
			);
			path = mobileUp;
			sourceTree = "<group>";
		};
		3082F93D26D1E80600F37ABD /* View */ = {
			isa = PBXGroup;
			children = (
				3018FA7C26D54C870040ECE9 /* Navigation Bar */,
				305FB7DC26D1E5EF006AFE65 /* Main.storyboard */,
				3082F94A26D1F0F900F37ABD /* LoginView.swift */,
				30AE537926D23E650075C1EA /* CollectionViewCell.swift */,
				3018FA7626D4191F0040ECE9 /* DetailView.swift */,
				3018FA7D26D54D050040ECE9 /* MainView.swift */,
			);
			path = View;
			sourceTree = "<group>";
		};
		3082F93E26D1E80A00F37ABD /* Model */ = {
			isa = PBXGroup;
			children = (
				3082F94826D1EE8C00F37ABD /* User.swift */,
				30AE537D26D38F170075C1EA /* Photo.swift */,
			);
			path = Model;
			sourceTree = "<group>";
		};
		3082F93F26D1E80E00F37ABD /* Controller */ = {
			isa = PBXGroup;
			children = (
				305FB7DA26D1E5EF006AFE65 /* LoginViewController.swift */,
				3082F94426D1E9F700F37ABD /* MainViewController.swift */,
				3082F94626D1EA6D00F37ABD /* DetailViewController.swift */,
			);
			path = Controller;
			sourceTree = "<group>";
		};
		3082F94026D1E81300F37ABD /* Supporting Files */ = {
			isa = PBXGroup;
			children = (
				305FB7DF26D1E5F2006AFE65 /* Assets.xcassets */,
				305FB7E426D1E5F2006AFE65 /* Info.plist */,
			);
			path = "Supporting Files";
			sourceTree = "<group>";
		};
		3082F94126D1E81A00F37ABD /* App */ = {
			isa = PBXGroup;
			children = (
				305FB7D626D1E5EF006AFE65 /* AppDelegate.swift */,
				305FB7E126D1E5F2006AFE65 /* LaunchScreen.storyboard */,
				305FB7D826D1E5EF006AFE65 /* SceneDelegate.swift */,
				3082F94226D1E85C00F37ABD /* VKDelegate.swift */,
			);
			path = App;
			sourceTree = "<group>";
		};
		30AE538226D38FEF0075C1EA /* Network Service */ = {
			isa = PBXGroup;
			children = (
				30AE538326D38FFD0075C1EA /* Network.swift */,
			);
			path = "Network Service";
			sourceTree = "<group>";
		};
		62B3F06339EB8A693A0A90ED /* Frameworks */ = {
			isa = PBXGroup;
			children = (
				3A2B397817C663E98BD15729 /* Pods_mobileUp.framework */,
			);
			name = Frameworks;
			sourceTree = "<group>";
		};
		8C08FB52053F95E55B480615 /* Pods */ = {
			isa = PBXGroup;
			children = (
				85F5F19D15A105E14509B3DF /* Pods-mobileUp.debug.xcconfig */,
				A6AFF31903C71E6CF3D0606F /* Pods-mobileUp.release.xcconfig */,
			);
			path = Pods;
			sourceTree = "<group>";
		};
/* End PBXGroup section */

/* Begin PBXNativeTarget section */
		305FB7D226D1E5EF006AFE65 /* mobileUp */ = {
			isa = PBXNativeTarget;
			buildConfigurationList = 305FB7E726D1E5F2006AFE65 /* Build configuration list for PBXNativeTarget "mobileUp" */;
			buildPhases = (
				FD9008035CD57041ACACC79A /* [CP] Check Pods Manifest.lock */,
				305FB7CF26D1E5EF006AFE65 /* Sources */,
				305FB7D026D1E5EF006AFE65 /* Frameworks */,
				305FB7D126D1E5EF006AFE65 /* Resources */,
				3018FA8126D58CF70040ECE9 /* ShellScript */,
				3A96FED1F7C5765303C75BA9 /* [CP] Embed Pods Frameworks */,
			);
			buildRules = (
			);
			dependencies = (
			);
			name = mobileUp;
			productName = mobileUp;
			productReference = 305FB7D326D1E5EF006AFE65 /* mobileUp.app */;
			productType = "com.apple.product-type.application";
		};
/* End PBXNativeTarget section */

/* Begin PBXProject section */
		305FB7CB26D1E5EF006AFE65 /* Project object */ = {
			isa = PBXProject;
			attributes = {
				LastSwiftUpdateCheck = 1250;
				LastUpgradeCheck = 1250;
				TargetAttributes = {
					305FB7D226D1E5EF006AFE65 = {
						CreatedOnToolsVersion = 12.5.1;
					};
				};
			};
			buildConfigurationList = 305FB7CE26D1E5EF006AFE65 /* Build configuration list for PBXProject "mobileUp" */;
			compatibilityVersion = "Xcode 9.3";
			developmentRegion = en;
			hasScannedForEncodings = 0;
			knownRegions = (
				en,
				Base,
			);
			mainGroup = 305FB7CA26D1E5EF006AFE65;
			productRefGroup = 305FB7D426D1E5EF006AFE65 /* Products */;
			projectDirPath = "";
			projectRoot = "";
			targets = (
				305FB7D226D1E5EF006AFE65 /* mobileUp */,
			);
		};
/* End PBXProject section */

/* Begin PBXResourcesBuildPhase section */
		305FB7D126D1E5EF006AFE65 /* Resources */ = {
			isa = PBXResourcesBuildPhase;
			buildActionMask = 2147483647;
			files = (
				305FB7E326D1E5F2006AFE65 /* LaunchScreen.storyboard in Resources */,
				305FB7E026D1E5F2006AFE65 /* Assets.xcassets in Resources */,
				305FB7DE26D1E5EF006AFE65 /* Main.storyboard in Resources */,
				3018FA7B26D52AB60040ECE9 /* NavigationBar.xib in Resources */,
			);
			runOnlyForDeploymentPostprocessing = 0;
		};
/* End PBXResourcesBuildPhase section */

/* Begin PBXShellScriptBuildPhase section */
		3018FA8126D58CF70040ECE9 /* ShellScript */ = {
			isa = PBXShellScriptBuildPhase;
			buildActionMask = 2147483647;
			files = (
			);
			inputFileListPaths = (
			);
			inputPaths = (
			);
			outputFileListPaths = (
			);
			outputPaths = (
			);
			runOnlyForDeploymentPostprocessing = 0;
			shellPath = /bin/sh;
			shellScript = "if which swiftlint >/dev/null; then\n  swiftlint\nelse\n  echo \"error: SwiftLint does not exist, download it from https://github.com/realm/SwiftLint\"\n  exit 1\nfi\n";
		};
		3A96FED1F7C5765303C75BA9 /* [CP] Embed Pods Frameworks */ = {
			isa = PBXShellScriptBuildPhase;
			buildActionMask = 2147483647;
			files = (
			);
			inputFileListPaths = (
				"${PODS_ROOT}/Target Support Files/Pods-mobileUp/Pods-mobileUp-frameworks-${CONFIGURATION}-input-files.xcfilelist",
			);
			name = "[CP] Embed Pods Frameworks";
			outputFileListPaths = (
				"${PODS_ROOT}/Target Support Files/Pods-mobileUp/Pods-mobileUp-frameworks-${CONFIGURATION}-output-files.xcfilelist",
			);
			runOnlyForDeploymentPostprocessing = 0;
			shellPath = /bin/sh;
			shellScript = "\"${PODS_ROOT}/Target Support Files/Pods-mobileUp/Pods-mobileUp-frameworks.sh\"\n";
			showEnvVarsInLog = 0;
		};
		FD9008035CD57041ACACC79A /* [CP] Check Pods Manifest.lock */ = {
			isa = PBXShellScriptBuildPhase;
			buildActionMask = 2147483647;
			files = (
			);
			inputFileListPaths = (
			);
			inputPaths = (
				"${PODS_PODFILE_DIR_PATH}/Podfile.lock",
				"${PODS_ROOT}/Manifest.lock",
			);
			name = "[CP] Check Pods Manifest.lock";
			outputFileListPaths = (
			);
			outputPaths = (
				"$(DERIVED_FILE_DIR)/Pods-mobileUp-checkManifestLockResult.txt",
			);
			runOnlyForDeploymentPostprocessing = 0;
			shellPath = /bin/sh;
			shellScript = "diff \"${PODS_PODFILE_DIR_PATH}/Podfile.lock\" \"${PODS_ROOT}/Manifest.lock\" > /dev/null\nif [ $? != 0 ] ; then\n    # print error to STDERR\n    echo \"error: The sandbox is not in sync with the Podfile.lock. Run 'pod install' or update your CocoaPods installation.\" >&2\n    exit 1\nfi\n# This output is used by Xcode 'outputs' to avoid re-running this script phase.\necho \"SUCCESS\" > \"${SCRIPT_OUTPUT_FILE_0}\"\n";
			showEnvVarsInLog = 0;
		};
/* End PBXShellScriptBuildPhase section */

/* Begin PBXSourcesBuildPhase section */
		305FB7CF26D1E5EF006AFE65 /* Sources */ = {
			isa = PBXSourcesBuildPhase;
			buildActionMask = 2147483647;
			files = (
				305FB7DB26D1E5EF006AFE65 /* LoginViewController.swift in Sources */,
				3018FA7E26D54D050040ECE9 /* MainView.swift in Sources */,
				3018FA7726D4191F0040ECE9 /* DetailView.swift in Sources */,
				305FB7D726D1E5EF006AFE65 /* AppDelegate.swift in Sources */,
				30AE537A26D23E650075C1EA /* CollectionViewCell.swift in Sources */,
				305FB7D926D1E5EF006AFE65 /* SceneDelegate.swift in Sources */,
				30AE537E26D38F170075C1EA /* Photo.swift in Sources */,
				30AE538426D38FFD0075C1EA /* Network.swift in Sources */,
				3082F94726D1EA6D00F37ABD /* DetailViewController.swift in Sources */,
				3082F94326D1E85C00F37ABD /* VKDelegate.swift in Sources */,
				3082F94526D1E9F700F37ABD /* MainViewController.swift in Sources */,
				3018FA8026D55F4C0040ECE9 /* NavigationBar.swift in Sources */,
				3082F94B26D1F0F900F37ABD /* LoginView.swift in Sources */,
				3082F94926D1EE8C00F37ABD /* User.swift in Sources */,
			);
			runOnlyForDeploymentPostprocessing = 0;
		};
/* End PBXSourcesBuildPhase section */

/* Begin PBXVariantGroup section */
		305FB7DC26D1E5EF006AFE65 /* Main.storyboard */ = {
			isa = PBXVariantGroup;
			children = (
				305FB7DD26D1E5EF006AFE65 /* Base */,
			);
			name = Main.storyboard;
			sourceTree = "<group>";
		};
		305FB7E126D1E5F2006AFE65 /* LaunchScreen.storyboard */ = {
			isa = PBXVariantGroup;
			children = (
				305FB7E226D1E5F2006AFE65 /* Base */,
			);
			name = LaunchScreen.storyboard;
			sourceTree = "<group>";
		};
/* End PBXVariantGroup section */

/* Begin XCBuildConfiguration section */
		305FB7E526D1E5F2006AFE65 /* Debug */ = {
			isa = XCBuildConfiguration;
			buildSettings = {
				ALWAYS_SEARCH_USER_PATHS = NO;
				CLANG_ANALYZER_NONNULL = YES;
				CLANG_ANALYZER_NUMBER_OBJECT_CONVERSION = YES_AGGRESSIVE;
				CLANG_CXX_LANGUAGE_STANDARD = "gnu++14";
				CLANG_CXX_LIBRARY = "libc++";
				CLANG_ENABLE_MODULES = YES;
				CLANG_ENABLE_OBJC_ARC = YES;
				CLANG_ENABLE_OBJC_WEAK = YES;
				CLANG_WARN_BLOCK_CAPTURE_AUTORELEASING = YES;
				CLANG_WARN_BOOL_CONVERSION = YES;
				CLANG_WARN_COMMA = YES;
				CLANG_WARN_CONSTANT_CONVERSION = YES;
				CLANG_WARN_DEPRECATED_OBJC_IMPLEMENTATIONS = YES;
				CLANG_WARN_DIRECT_OBJC_ISA_USAGE = YES_ERROR;
				CLANG_WARN_DOCUMENTATION_COMMENTS = YES;
				CLANG_WARN_EMPTY_BODY = YES;
				CLANG_WARN_ENUM_CONVERSION = YES;
				CLANG_WARN_INFINITE_RECURSION = YES;
				CLANG_WARN_INT_CONVERSION = YES;
				CLANG_WARN_NON_LITERAL_NULL_CONVERSION = YES;
				CLANG_WARN_OBJC_IMPLICIT_RETAIN_SELF = YES;
				CLANG_WARN_OBJC_LITERAL_CONVERSION = YES;
				CLANG_WARN_OBJC_ROOT_CLASS = YES_ERROR;
				CLANG_WARN_QUOTED_INCLUDE_IN_FRAMEWORK_HEADER = YES;
				CLANG_WARN_RANGE_LOOP_ANALYSIS = YES;
				CLANG_WARN_STRICT_PROTOTYPES = YES;
				CLANG_WARN_SUSPICIOUS_MOVE = YES;
				CLANG_WARN_UNGUARDED_AVAILABILITY = YES_AGGRESSIVE;
				CLANG_WARN_UNREACHABLE_CODE = YES;
				CLANG_WARN__DUPLICATE_METHOD_MATCH = YES;
				COPY_PHASE_STRIP = NO;
				DEBUG_INFORMATION_FORMAT = dwarf;
				ENABLE_STRICT_OBJC_MSGSEND = YES;
				ENABLE_TESTABILITY = YES;
				GCC_C_LANGUAGE_STANDARD = gnu11;
				GCC_DYNAMIC_NO_PIC = NO;
				GCC_NO_COMMON_BLOCKS = YES;
				GCC_OPTIMIZATION_LEVEL = 0;
				GCC_PREPROCESSOR_DEFINITIONS = (
					"DEBUG=1",
					"$(inherited)",
				);
				GCC_WARN_64_TO_32_BIT_CONVERSION = YES;
				GCC_WARN_ABOUT_RETURN_TYPE = YES_ERROR;
				GCC_WARN_UNDECLARED_SELECTOR = YES;
				GCC_WARN_UNINITIALIZED_AUTOS = YES_AGGRESSIVE;
				GCC_WARN_UNUSED_FUNCTION = YES;
				GCC_WARN_UNUSED_VARIABLE = YES;
				IPHONEOS_DEPLOYMENT_TARGET = 13.0;
				MTL_ENABLE_DEBUG_INFO = INCLUDE_SOURCE;
				MTL_FAST_MATH = YES;
				ONLY_ACTIVE_ARCH = YES;
				SDKROOT = iphoneos;
				SWIFT_ACTIVE_COMPILATION_CONDITIONS = DEBUG;
				SWIFT_OPTIMIZATION_LEVEL = "-Onone";
			};
			name = Debug;
		};
		305FB7E626D1E5F2006AFE65 /* Release */ = {
			isa = XCBuildConfiguration;
			buildSettings = {
				ALWAYS_SEARCH_USER_PATHS = NO;
				CLANG_ANALYZER_NONNULL = YES;
				CLANG_ANALYZER_NUMBER_OBJECT_CONVERSION = YES_AGGRESSIVE;
				CLANG_CXX_LANGUAGE_STANDARD = "gnu++14";
				CLANG_CXX_LIBRARY = "libc++";
				CLANG_ENABLE_MODULES = YES;
				CLANG_ENABLE_OBJC_ARC = YES;
				CLANG_ENABLE_OBJC_WEAK = YES;
				CLANG_WARN_BLOCK_CAPTURE_AUTORELEASING = YES;
				CLANG_WARN_BOOL_CONVERSION = YES;
				CLANG_WARN_COMMA = YES;
				CLANG_WARN_CONSTANT_CONVERSION = YES;
				CLANG_WARN_DEPRECATED_OBJC_IMPLEMENTATIONS = YES;
				CLANG_WARN_DIRECT_OBJC_ISA_USAGE = YES_ERROR;
				CLANG_WARN_DOCUMENTATION_COMMENTS = YES;
				CLANG_WARN_EMPTY_BODY = YES;
				CLANG_WARN_ENUM_CONVERSION = YES;
				CLANG_WARN_INFINITE_RECURSION = YES;
				CLANG_WARN_INT_CONVERSION = YES;
				CLANG_WARN_NON_LITERAL_NULL_CONVERSION = YES;
				CLANG_WARN_OBJC_IMPLICIT_RETAIN_SELF = YES;
				CLANG_WARN_OBJC_LITERAL_CONVERSION = YES;
				CLANG_WARN_OBJC_ROOT_CLASS = YES_ERROR;
				CLANG_WARN_QUOTED_INCLUDE_IN_FRAMEWORK_HEADER = YES;
				CLANG_WARN_RANGE_LOOP_ANALYSIS = YES;
				CLANG_WARN_STRICT_PROTOTYPES = YES;
				CLANG_WARN_SUSPICIOUS_MOVE = YES;
				CLANG_WARN_UNGUARDED_AVAILABILITY = YES_AGGRESSIVE;
				CLANG_WARN_UNREACHABLE_CODE = YES;
				CLANG_WARN__DUPLICATE_METHOD_MATCH = YES;
				COPY_PHASE_STRIP = NO;
				DEBUG_INFORMATION_FORMAT = "dwarf-with-dsym";
				ENABLE_NS_ASSERTIONS = NO;
				ENABLE_STRICT_OBJC_MSGSEND = YES;
				GCC_C_LANGUAGE_STANDARD = gnu11;
				GCC_NO_COMMON_BLOCKS = YES;
				GCC_WARN_64_TO_32_BIT_CONVERSION = YES;
				GCC_WARN_ABOUT_RETURN_TYPE = YES_ERROR;
				GCC_WARN_UNDECLARED_SELECTOR = YES;
				GCC_WARN_UNINITIALIZED_AUTOS = YES_AGGRESSIVE;
				GCC_WARN_UNUSED_FUNCTION = YES;
				GCC_WARN_UNUSED_VARIABLE = YES;
				IPHONEOS_DEPLOYMENT_TARGET = 13.0;
				MTL_ENABLE_DEBUG_INFO = NO;
				MTL_FAST_MATH = YES;
				SDKROOT = iphoneos;
				SWIFT_COMPILATION_MODE = wholemodule;
				SWIFT_OPTIMIZATION_LEVEL = "-O";
				VALIDATE_PRODUCT = YES;
			};
			name = Release;
		};
		305FB7E826D1E5F2006AFE65 /* Debug */ = {
			isa = XCBuildConfiguration;
			baseConfigurationReference = 85F5F19D15A105E14509B3DF /* Pods-mobileUp.debug.xcconfig */;
			buildSettings = {
				ASSETCATALOG_COMPILER_APPICON_NAME = AppIcon;
				ASSETCATALOG_COMPILER_GLOBAL_ACCENT_COLOR_NAME = AccentColor;
				CODE_SIGN_STYLE = Automatic;
				DEVELOPMENT_TEAM = V5C27RD34S;
				"FRAMEWORK_SEARCH_PATHS[arch=*]" = (
					"$(inherited)",
					"\"${PODS_CONFIGURATION_BUILD_DIR}/MarqueeLabel\"",
					"\"${PODS_CONFIGURATION_BUILD_DIR}/NotificationBannerSwift\"",
					"\"${PODS_CONFIGURATION_BUILD_DIR}/SnapKit\"",
					"\"${PODS_CONFIGURATION_BUILD_DIR}/SwiftyJSON\"",
					"\"${PODS_CONFIGURATION_BUILD_DIR}/SwiftyVK\"",
				);
				INFOPLIST_FILE = "mobileUp/Supporting Files/Info.plist";
				IPHONEOS_DEPLOYMENT_TARGET = 13.0;
				PRODUCT_BUNDLE_IDENTIFIER = "elro-root.mobileUp";
				PRODUCT_NAME = "$(TARGET_NAME)";
				SWIFT_VERSION = 5.0;
				TARGETED_DEVICE_FAMILY = 1;
				VALIDATE_WORKSPACE = NO;
			};
			name = Debug;
		};
		305FB7E926D1E5F2006AFE65 /* Release */ = {
			isa = XCBuildConfiguration;
			baseConfigurationReference = A6AFF31903C71E6CF3D0606F /* Pods-mobileUp.release.xcconfig */;
			buildSettings = {
				ASSETCATALOG_COMPILER_APPICON_NAME = AppIcon;
				ASSETCATALOG_COMPILER_GLOBAL_ACCENT_COLOR_NAME = AccentColor;
				CODE_SIGN_STYLE = Automatic;
				DEVELOPMENT_TEAM = V5C27RD34S;
				INFOPLIST_FILE = "mobileUp/Supporting Files/Info.plist";
				IPHONEOS_DEPLOYMENT_TARGET = 13.0;
				PRODUCT_BUNDLE_IDENTIFIER = "elro-root.mobileUp";
				PRODUCT_NAME = "$(TARGET_NAME)";
				SWIFT_VERSION = 5.0;
				TARGETED_DEVICE_FAMILY = 1;
				VALIDATE_WORKSPACE = NO;
			};
			name = Release;
		};
/* End XCBuildConfiguration section */

/* Begin XCConfigurationList section */
		305FB7CE26D1E5EF006AFE65 /* Build configuration list for PBXProject "mobileUp" */ = {
			isa = XCConfigurationList;
			buildConfigurations = (
				305FB7E526D1E5F2006AFE65 /* Debug */,
				305FB7E626D1E5F2006AFE65 /* Release */,
			);
			defaultConfigurationIsVisible = 0;
			defaultConfigurationName = Release;
		};
		305FB7E726D1E5F2006AFE65 /* Build configuration list for PBXNativeTarget "mobileUp" */ = {
			isa = XCConfigurationList;
			buildConfigurations = (
				305FB7E826D1E5F2006AFE65 /* Debug */,
				305FB7E926D1E5F2006AFE65 /* Release */,
			);
			defaultConfigurationIsVisible = 0;
			defaultConfigurationName = Release;
		};
/* End XCConfigurationList section */
	};
	rootObject = 305FB7CB26D1E5EF006AFE65 /* Project object */;
}
